{
  "name": "adeng-ui",
  "version": "1.1.2",
  "lockfileVersion": 2,
  "requires": true,
  "packages": {
    "": {
      "name": "adeng-ui",
      "version": "1.1.2",
      "license": "MIT",
      "dependencies": {
        "@adeng-ui/utils": "^1.0.4"
      }
    },
    "node_modules/@adeng-ui/utils": {
      "version": "1.0.4",
      "resolved": "https://registry.npmjs.org/@adeng-ui/utils/-/utils-1.0.4.tgz",
      "integrity": "sha512-/gv/UH33uH+wborOfT87d82wiqsVZppKilgZJzmkTHzZEBX22elwqtcVgOJVHAZG/8wvMhw2XuUo2VYa4JmfQQ=="
    }
  },
  "dependencies": {
    "@adeng-ui/utils": {
      "version": "1.0.4",
      "resolved": "https://registry.npmjs.org/@adeng-ui/utils/-/utils-1.0.4.tgz",
      "integrity": "sha512-/gv/UH33uH+wborOfT87d82wiqsVZppKilgZJzmkTHzZEBX22elwqtcVgOJVHAZG/8wvMhw2XuUo2VYa4JmfQQ=="
    }
  }
}
