{
  "name": "examples",
  "version": "1.0.0",
  "lockfileVersion": 2,
  "requires": true,
  "packages": {
    "": {
      "name": "examples",
      "version": "1.0.0",
      "license": "ISC",
      "dependencies": {
        "adeng-ui": "^1.0.8"
      }
    },
    "node_modules/adeng-ui": {
      "version": "1.0.9",
      "resolved": "https://registry.npmjs.org/adeng-ui/-/adeng-ui-1.0.9.tgz",
      "integrity": "sha512-43kNeGOqn3zjF+zyrYJW05jJa5cGOGi2BLZ2sb5Nu/OqygOTuLb99sPPYo3mSDunTP4IS6r6N2r3t/4wlHi5pw=="
    }
  },
  "dependencies": {
    "adeng-ui": {
      "version": "1.0.9",
      "resolved": "https://registry.npmjs.org/adeng-ui/-/adeng-ui-1.0.9.tgz",
      "integrity": "sha512-43kNeGOqn3zjF+zyrYJW05jJa5cGOGi2BLZ2sb5Nu/OqygOTuLb99sPPYo3mSDunTP4IS6r6N2r3t/4wlHi5pw=="
    }
  }
}
