{
  "name": "examples",
  "version": "1.0.0",
  "lockfileVersion": 2,
  "requires": true,
  "packages": {
    "": {
      "name": "examples",
      "version": "1.0.0",
      "license": "ISC",
      "dependencies": {
        "adeng-ui": "^1.0.8"
      }
    },
    "../packages/components": {
      "name": "adeng-ui",
      "version": "1.1.2",
      "extraneous": true,
      "license": "MIT",
      "dependencies": {
        "@adeng-ui/utils": "^1.0.1"
      }
    },
    "../packages/utils": {
      "name": "@adeng-ui/utils",
      "version": "1.0.1",
      "extraneous": true,
      "license": "MIT"
    },
    "node_modules/@adeng-ui/utils": {
      "version": "1.0.1",
      "resolved": "https://registry.npmjs.org/@adeng-ui/utils/-/utils-1.0.1.tgz",
      "integrity": "sha512-v0clLaN0fuLVslBScU5Cc8LAJGMBwRqJ+2rjD5iokL/mEaML36Bjx23aqR6Ak/kK4aGWvyQJlGhW26xXvxyhJA=="
    },
    "node_modules/adeng-ui": {
      "version": "1.0.8",
      "resolved": "https://registry.npmjs.org/adeng-ui/-/adeng-ui-1.0.8.tgz",
      "integrity": "sha512-KTZ8Xd81aOOtEUouYVeioDZqv0JHDPcxUlJVQtz9qarCDpW/a4WZ3iCO4tn1aPclGqCPfWcs8Z05L43syVomFw==",
      "dependencies": {
        "@adeng-ui/utils": "^1.0.1"
      }
    }
  },
  "dependencies": {
    "@adeng-ui/utils": {
      "version": "1.0.1",
      "resolved": "https://registry.npmjs.org/@adeng-ui/utils/-/utils-1.0.1.tgz",
      "integrity": "sha512-v0clLaN0fuLVslBScU5Cc8LAJGMBwRqJ+2rjD5iokL/mEaML36Bjx23aqR6Ak/kK4aGWvyQJlGhW26xXvxyhJA=="
    },
    "adeng-ui": {
      "version": "1.0.8",
      "resolved": "https://registry.npmjs.org/adeng-ui/-/adeng-ui-1.0.8.tgz",
      "integrity": "sha512-KTZ8Xd81aOOtEUouYVeioDZqv0JHDPcxUlJVQtz9qarCDpW/a4WZ3iCO4tn1aPclGqCPfWcs8Z05L43syVomFw==",
      "requires": {
        "@adeng-ui/utils": "^1.0.1"
      }
    }
  }
}
